
Microsoft Visual Studio Solution File, Format Version 12.00
# Visual Studio Version 16
VisualStudioVersion = 16.0.31129.286
MinimumVisualStudioVersion = 10.0.40219.1
Project("{FAE04EC0-301F-11D3-BF4B-00C04F79EFBC}") = "LogicalEngineAngular", "LogicalEngineAngular.csproj", "{12FB91D3-B54D-4B5C-8E2E-084A42835690}"
EndProject
Global
	GlobalSection(SolutionConfigurationPlatforms) = preSolution
		Debug|Any CPU = Debug|Any CPU
		Release|Any CPU = Release|Any CPU
	EndGlobalSection
	GlobalSection(ProjectConfigurationPlatforms) = postSolution
		{12FB91D3-B54D-4B5C-8E2E-084A42835690}.Debug|Any CPU.ActiveCfg = Debug|Any CPU
		{12FB91D3-B54D-4B5C-8E2E-084A42835690}.Debug|Any CPU.Build.0 = Debug|Any CPU
		{12FB91D3-B54D-4B5C-8E2E-084A42835690}.Release|Any CPU.ActiveCfg = Release|Any CPU
		{12FB91D3-B54D-4B5C-8E2E-084A42835690}.Release|Any CPU.Build.0 = Release|Any CPU
	EndGlobalSection
	GlobalSection(SolutionProperties) = preSolution
		HideSolutionNode = FALSE
	EndGlobalSection
	GlobalSection(ExtensibilityGlobals) = postSolution
		SolutionGuid = {D72AE46E-09CA-41B1-87E1-999113E3353C}
	EndGlobalSection
EndGlobal
